
Microsoft Visual Studio Solution File, Format Version 12.00
# Visual Studio Version 17
VisualStudioVersion = 17.0.31903.59
MinimumVisualStudioVersion = 10.0.40219.1
Project("{FAE04EC0-301F-11D3-BF4B-00C04F79EFBC}") = "engine.Framework", "engine.Framework\engine.Framework.csproj", "{7B9647CA-BEF4-494C-98CF-2CCBC989B5B9}"
EndProject
Project("{FAE04EC0-301F-11D3-BF4B-00C04F79EFBC}") = "engine.Test", "engine.Test\engine.Test.csproj", "{04A79950-47F3-4923-8E64-12BE7BB44DB6}"
EndProject
Global
	GlobalSection(SolutionConfigurationPlatforms) = preSolution
		Debug|Any CPU = Debug|Any CPU
		Release|Any CPU = Release|Any CPU
	EndGlobalSection
	GlobalSection(SolutionProperties) = preSolution
		HideSolutionNode = FALSE
	EndGlobalSection
	GlobalSection(ProjectConfigurationPlatforms) = postSolution
		{7B9647CA-BEF4-494C-98CF-2CCBC989B5B9}.Debug|Any CPU.ActiveCfg = Debug|Any CPU
		{7B9647CA-BEF4-494C-98CF-2CCBC989B5B9}.Debug|Any CPU.Build.0 = Debug|Any CPU
		{7B9647CA-BEF4-494C-98CF-2CCBC989B5B9}.Release|Any CPU.ActiveCfg = Release|Any CPU
		{7B9647CA-BEF4-494C-98CF-2CCBC989B5B9}.Release|Any CPU.Build.0 = Release|Any CPU
		{04A79950-47F3-4923-8E64-12BE7BB44DB6}.Debug|Any CPU.ActiveCfg = Debug|Any CPU
		{04A79950-47F3-4923-8E64-12BE7BB44DB6}.Debug|Any CPU.Build.0 = Debug|Any CPU
		{04A79950-47F3-4923-8E64-12BE7BB44DB6}.Release|Any CPU.ActiveCfg = Release|Any CPU
		{04A79950-47F3-4923-8E64-12BE7BB44DB6}.Release|Any CPU.Build.0 = Release|Any CPU
	EndGlobalSection
EndGlobal
