
Microsoft Visual Studio Solution File, Format Version 12.00
# Visual Studio Version 17
VisualStudioVersion = 17.0.31903.59
MinimumVisualStudioVersion = 10.0.40219.1
Project("{FAE04EC0-301F-11D3-BF4B-00C04F79EFBC}") = "NexusPort.Console", "NexusPort.Console\NexusPort.Console.csproj", "{507A101E-479A-474A-8B5E-131C22CC9A5A}"
EndProject
Project("{FAE04EC0-301F-11D3-BF4B-00C04F79EFBC}") = "NexusPort.Library", "NexusPort.Library\NexusPort.Library.csproj", "{9DE2D8BF-A091-4DE0-AA4F-E80D75ACE05F}"
EndProject
Project("{FAE04EC0-301F-11D3-BF4B-00C04F79EFBC}") = "NexusPort.Tests", "NexusPort.Tests\NexusPort.Tests.csproj", "{5667124A-6149-4AA7-AFE3-1B8C1F7859BE}"
EndProject
Global
	GlobalSection(SolutionConfigurationPlatforms) = preSolution
		Debug|Any CPU = Debug|Any CPU
		Release|Any CPU = Release|Any CPU
	EndGlobalSection
	GlobalSection(SolutionProperties) = preSolution
		HideSolutionNode = FALSE
	EndGlobalSection
	GlobalSection(ProjectConfigurationPlatforms) = postSolution
		{507A101E-479A-474A-8B5E-131C22CC9A5A}.Debug|Any CPU.ActiveCfg = Debug|Any CPU
		{507A101E-479A-474A-8B5E-131C22CC9A5A}.Debug|Any CPU.Build.0 = Debug|Any CPU
		{507A101E-479A-474A-8B5E-131C22CC9A5A}.Release|Any CPU.ActiveCfg = Release|Any CPU
		{507A101E-479A-474A-8B5E-131C22CC9A5A}.Release|Any CPU.Build.0 = Release|Any CPU
		{9DE2D8BF-A091-4DE0-AA4F-E80D75ACE05F}.Debug|Any CPU.ActiveCfg = Debug|Any CPU
		{9DE2D8BF-A091-4DE0-AA4F-E80D75ACE05F}.Debug|Any CPU.Build.0 = Debug|Any CPU
		{9DE2D8BF-A091-4DE0-AA4F-E80D75ACE05F}.Release|Any CPU.ActiveCfg = Release|Any CPU
		{9DE2D8BF-A091-4DE0-AA4F-E80D75ACE05F}.Release|Any CPU.Build.0 = Release|Any CPU
		{5667124A-6149-4AA7-AFE3-1B8C1F7859BE}.Debug|Any CPU.ActiveCfg = Debug|Any CPU
		{5667124A-6149-4AA7-AFE3-1B8C1F7859BE}.Debug|Any CPU.Build.0 = Debug|Any CPU
		{5667124A-6149-4AA7-AFE3-1B8C1F7859BE}.Release|Any CPU.ActiveCfg = Release|Any CPU
		{5667124A-6149-4AA7-AFE3-1B8C1F7859BE}.Release|Any CPU.Build.0 = Release|Any CPU
	EndGlobalSection
EndGlobal
