
Microsoft Visual Studio Solution File, Format Version 12.00
Project("{FAE04EC0-301F-11D3-BF4B-00C04F79EFBC}") = "NInput", "NInput.csproj", "{274E4AAC-BB31-46A1-93F0-238B34FF969D}"
EndProject
Global
	GlobalSection(SolutionConfigurationPlatforms) = preSolution
		Debug|Any CPU = Debug|Any CPU
		Release|Any CPU = Release|Any CPU
	EndGlobalSection
	GlobalSection(ProjectConfigurationPlatforms) = postSolution
		{274E4AAC-BB31-46A1-93F0-238B34FF969D}.Debug|Any CPU.ActiveCfg = Debug|Any CPU
		{274E4AAC-BB31-46A1-93F0-238B34FF969D}.Debug|Any CPU.Build.0 = Debug|Any CPU
		{274E4AAC-BB31-46A1-93F0-238B34FF969D}.Release|Any CPU.ActiveCfg = Release|Any CPU
		{274E4AAC-BB31-46A1-93F0-238B34FF969D}.Release|Any CPU.Build.0 = Release|Any CPU
	EndGlobalSection
EndGlobal
